
Microsoft Visual Studio Solution File, Format Version 12.00
# Visual Studio Version 16
VisualStudioVersion = 16.0.30011.22
MinimumVisualStudioVersion = 10.0.40219.1
Project("{FAE04EC0-301F-11D3-BF4B-00C04F79EFBC}") = "Lab11IntroToMVC", "Lab11IntroToMVC\Lab11IntroToMVC.csproj", "{062E7D45-881A-4912-999D-C831F7389864}"
EndProject
Project("{FAE04EC0-301F-11D3-BF4B-00C04F79EFBC}") = "Lab11IntroToMVC.Tests", "Lab11IntroToMVC.Tests\Lab11IntroToMVC.Tests.csproj", "{930E839C-452D-4EC1-AACA-AC7E35C11B58}"
EndProject
Global
	GlobalSection(SolutionConfigurationPlatforms) = preSolution
		Debug|Any CPU = Debug|Any CPU
		Release|Any CPU = Release|Any CPU
	EndGlobalSection
	GlobalSection(ProjectConfigurationPlatforms) = postSolution
		{062E7D45-881A-4912-999D-C831F7389864}.Debug|Any CPU.ActiveCfg = Debug|Any CPU
		{062E7D45-881A-4912-999D-C831F7389864}.Debug|Any CPU.Build.0 = Debug|Any CPU
		{062E7D45-881A-4912-999D-C831F7389864}.Release|Any CPU.ActiveCfg = Release|Any CPU
		{062E7D45-881A-4912-999D-C831F7389864}.Release|Any CPU.Build.0 = Release|Any CPU
		{930E839C-452D-4EC1-AACA-AC7E35C11B58}.Debug|Any CPU.ActiveCfg = Debug|Any CPU
		{930E839C-452D-4EC1-AACA-AC7E35C11B58}.Debug|Any CPU.Build.0 = Debug|Any CPU
		{930E839C-452D-4EC1-AACA-AC7E35C11B58}.Release|Any CPU.ActiveCfg = Release|Any CPU
		{930E839C-452D-4EC1-AACA-AC7E35C11B58}.Release|Any CPU.Build.0 = Release|Any CPU
	EndGlobalSection
	GlobalSection(SolutionProperties) = preSolution
		HideSolutionNode = FALSE
	EndGlobalSection
	GlobalSection(ExtensibilityGlobals) = postSolution
		SolutionGuid = {5773FBCC-6FAF-4512-BE2E-6B8DD201ADF3}
	EndGlobalSection
EndGlobal
